{
  "name": "preview-features-sample",
  "version": "1.0.0",
  "lockfileVersion": 1,
  "requires": true,
  "dependencies": {
    "@types/jquery": {
      "version": "3.3.0",
      "resolved": "https://registry.npmjs.org/@types/jquery/-/jquery-3.3.0.tgz",
      "integrity": "sha512-szaKV2OQgwxYTGTY6qd9eeBfGGCaP7n2OGit4JdbOcfGgc9VWjfhMhnu5AVNhIAu8WWDIB36q9dfPVba1fGeIQ=="
    },
    "@types/jqueryui": {
      "version": "1.12.1",
      "resolved": "https://registry.npmjs.org/@types/jqueryui/-/jqueryui-1.12.1.tgz",
      "integrity": "sha512-aLMCZSEsZJqnE6K1wcTsMojH/MZRaYkoiWbr/NauE96LP3+BzR8ki29wWYkVOunolb95a7hotCtTgzeoTPqb6A==",
      "requires": {
        "@types/jquery": "3.3.0"
      }
    },
    "@types/knockout": {
      "version": "3.4.49",
      "resolved": "https://registry.npmjs.org/@types/knockout/-/knockout-3.4.49.tgz",
      "integrity": "sha512-Hag6/xIJADyGvo1XwXGeTibyiss33QqT0AmfuyfakGj4kplIM3e59/nfjf3iB/iNRbH0I3cx61N2VT6TK6iA2A=="
    },
    "@types/mousetrap": {
      "version": "1.5.34",
      "resolved": "https://registry.npmjs.org/@types/mousetrap/-/mousetrap-1.5.34.tgz",
      "integrity": "sha512-a2yhRIADupQfOFM75v7GfcQQLUxU705+i/xcZ3N/3PK3Xdo31SUfuCUByWPGOHB1e38m7MxTx/D8FPVsJXZKJw=="
    },
    "@types/q": {
      "version": "0.0.32",
      "resolved": "https://registry.npmjs.org/@types/q/-/q-0.0.32.tgz",
      "integrity": "sha1-vShOV8hPEyXacCur/IKlMoGQwMU="
    },
    "@types/react": {
      "version": "16.0.36",
      "resolved": "https://registry.npmjs.org/@types/react/-/react-16.0.36.tgz",
      "integrity": "sha512-q33EVfy4i+fwhM31PL6/c6Job/DyjOiExHuR163bJK3rEMRf2ENkBrN4thQH5cwA+TiiN1vWDZU6D5H1AvQTlA=="
    },
    "@types/requirejs": {
      "version": "2.1.31",
      "resolved": "https://registry.npmjs.org/@types/requirejs/-/requirejs-2.1.31.tgz",
      "integrity": "sha512-b2soeyuU76rMbcRJ4e0hEl0tbMhFwZeTC0VZnfuWlfGlk6BwWNsev6kFu/twKABPX29wkX84wU2o+cEJoXsiTw=="
    },
    "vss-web-extension-sdk": {
      "version": "5.127.0",
      "resolved": "https://registry.npmjs.org/vss-web-extension-sdk/-/vss-web-extension-sdk-5.127.0.tgz",
      "integrity": "sha512-PZkeCDOFF8MvhogZA7Thu4RwHEvwRtbblGt56xQFuf6mw/arhIAxRERUXt+K9mEhN8lORrXXfgPRxSSYnlwiRg==",
      "requires": {
        "@types/jquery": "3.3.0",
        "@types/jqueryui": "1.12.1",
        "@types/knockout": "3.4.49",
        "@types/mousetrap": "1.5.34",
        "@types/q": "0.0.32",
        "@types/react": "16.0.36",
        "@types/requirejs": "2.1.31"
      }
    }
  }
}
