{
  "name": "repository-info-extension",
  "version": "1.0.0",
  "lockfileVersion": 1,
  "requires": true,
  "dependencies": {
    "@types/jquery": {
      "version": "3.3.10",
      "resolved": "https://registry.npmjs.org/@types/jquery/-/jquery-3.3.10.tgz",
      "integrity": "sha512-W2bE8pGh9Tsg8mxh+B6BSH8lTG6ZV7K2ZMAlEwSTqKFU1wMI5HShyRKSp3DngnxCmDu35tW3RAC4mxBFYRsTuw=="
    },
    "@types/jqueryui": {
      "version": "1.12.4",
      "resolved": "https://registry.npmjs.org/@types/jqueryui/-/jqueryui-1.12.4.tgz",
      "integrity": "sha512-N0h+mY9CgvP6eJc+Uc3yQiqXu8mxR1j2FcxbZz5RGrHR6POaWA4dAFsFbaLEk7CFG+Kv2s5iFx+xy830jongug==",
      "requires": {
        "@types/jquery": "*"
      }
    },
    "@types/knockout": {
      "version": "3.4.59",
      "resolved": "https://registry.npmjs.org/@types/knockout/-/knockout-3.4.59.tgz",
      "integrity": "sha512-uLVb9AWPnQajGE8QETNVS2qPpxTVzsWOWP9dLwBrqfIkatR3mCOoU3QP8idI4YDwRRxdTlYgfSeMFbUOjENvyw=="
    },
    "@types/mousetrap": {
      "version": "1.5.34",
      "resolved": "https://registry.npmjs.org/@types/mousetrap/-/mousetrap-1.5.34.tgz",
      "integrity": "sha512-a2yhRIADupQfOFM75v7GfcQQLUxU705+i/xcZ3N/3PK3Xdo31SUfuCUByWPGOHB1e38m7MxTx/D8FPVsJXZKJw=="
    },
    "@types/q": {
      "version": "0.0.32",
      "resolved": "http://registry.npmjs.org/@types/q/-/q-0.0.32.tgz",
      "integrity": "sha1-vShOV8hPEyXacCur/IKlMoGQwMU="
    },
    "@types/react": {
      "version": "15.6.19",
      "resolved": "https://registry.npmjs.org/@types/react/-/react-15.6.19.tgz",
      "integrity": "sha512-QUgMbR4JWOXOddjzTnieXlqiAWq8mQFbqQd7e5WwllGA3AEwuCE4vMhT05HaYGxHHCItS5vDX9Du0XWD1FQvnw=="
    },
    "@types/requirejs": {
      "version": "2.1.31",
      "resolved": "https://registry.npmjs.org/@types/requirejs/-/requirejs-2.1.31.tgz",
      "integrity": "sha512-b2soeyuU76rMbcRJ4e0hEl0tbMhFwZeTC0VZnfuWlfGlk6BwWNsev6kFu/twKABPX29wkX84wU2o+cEJoXsiTw=="
    },
    "vss-web-extension-sdk": {
      "version": "5.141.0",
      "resolved": "https://registry.npmjs.org/vss-web-extension-sdk/-/vss-web-extension-sdk-5.141.0.tgz",
      "integrity": "sha512-c/r/HWQh4hljKOSNQMiFoeICckKFfU/1nxDCVFhioDHOE8B0i5aJN9rrihGilgMXugzl8K5hBsZs42eFqd30AQ==",
      "requires": {
        "@types/jquery": ">=2.0.48",
        "@types/jqueryui": ">=1.11.34",
        "@types/knockout": "^3.4.49",
        "@types/mousetrap": "~1.5.34",
        "@types/q": "0.0.32",
        "@types/react": "^15.6.12",
        "@types/requirejs": ">=2.1.28"
      }
    }
  }
}
